dependencies:
  espressif/esp_audio_codec:
    component_hash: 16e2880dbdd5a72264051f750f33a6e5a38fd25621c83e3a32a85a152d2d2643
    dependencies:
    - name: idf
      require: private
      version: '>=4.4'
    source:
      registry_url: https://components.espressif.com/
      type: service
    version: 2.5.0
  espressif/led_strip:
    component_hash: 28621486f77229aaf81c71f5e15d6fbf36c2949cf11094e07090593e659e7639
    dependencies:
    - name: idf
      require: private
      version: '>=5.0'
    source:
      registry_url: https://components.espressif.com/
      type: service
    version: 3.0.3
  espressif/libsodium:
    component_hash: b51f5836f044d8b7fbb1784257605c47ff7356f701377b005912fe6a2f12db37
    dependencies:
    - name: idf
      require: private
      version: '>=4.2'
    source:
      registry_url: https://components.espressif.com/
      type: service
    version: 1.0.21
  espressif/mdns:
    component_hash: 8bcf12e37c58c1d584aef32a02b92548124c7a3a9fcf548d3235c844a035e0f0
    dependencies:
    - name: idf
      require: private
      version: '>=5.0'
    source:
      registry_url: https://components.espressif.com/
      type: service
    version: 1.11.1
  idf:
    source:
      type: idf
    version: 5.5.3
direct_dependencies:
- espressif/esp_audio_codec
- espressif/led_strip
- espressif/libsodium
- espressif/mdns
manifest_hash: 5e907f6a7449f560ee0d6d407fb03dcb729d61b80a1c9ce03ed2d34a9545e5d2
target: esp32
version: 2.0.0
